
Microsoft Visual Studio Solution File, Format Version 12.00
# Visual Studio 2012
Project("{FAE04EC0-301F-11D3-BF4B-00C04F79EFBC}") = "ViewRenderer", "ViewRenderer\ViewRenderer.csproj", "{69EBC98B-1B9E-4704-9687-3B701E732706}"
EndProject
Project("{2150E333-8FDC-42A3-9474-1A3956D46DE8}") = ".nuget", ".nuget", "{F11B9E8C-E4A5-408A-91CC-BE107C046195}"
	ProjectSection(SolutionItems) = preProject
		.nuget\NuGet.Config = .nuget\NuGet.Config
		.nuget\NuGet.exe = .nuget\NuGet.exe
		.nuget\NuGet.targets = .nuget\NuGet.targets
	EndProjectSection
EndProject
Global
	GlobalSection(SolutionConfigurationPlatforms) = preSolution
		Debug|Any CPU = Debug|Any CPU
		Release|Any CPU = Release|Any CPU
	EndGlobalSection
	GlobalSection(ProjectConfigurationPlatforms) = postSolution
		{69EBC98B-1B9E-4704-9687-3B701E732706}.Debug|Any CPU.ActiveCfg = Debug|Any CPU
		{69EBC98B-1B9E-4704-9687-3B701E732706}.Debug|Any CPU.Build.0 = Debug|Any CPU
		{69EBC98B-1B9E-4704-9687-3B701E732706}.Release|Any CPU.ActiveCfg = Release|Any CPU
		{69EBC98B-1B9E-4704-9687-3B701E732706}.Release|Any CPU.Build.0 = Release|Any CPU
	EndGlobalSection
	GlobalSection(SolutionProperties) = preSolution
		HideSolutionNode = FALSE
	EndGlobalSection
EndGlobal
